
Microsoft Visual Studio Solution File, Format Version 12.00
# Visual Studio Version 17
VisualStudioVersion = 17.5.33424.131
MinimumVisualStudioVersion = 10.0.40219.1
Project("{FAE04EC0-301F-11D3-BF4B-00C04F79EFBC}") = "ProfileService", "ProfileService\ProfileService.csproj", "{F01092BD-1DBD-4459-9A52-5403B6F62B1B}"
EndProject
Project("{FAE04EC0-301F-11D3-BF4B-00C04F79EFBC}") = "Business", "Business\Business.csproj", "{D07E9B48-1C10-4BC1-A0C2-68547DA419D5}"
EndProject
Project("{FAE04EC0-301F-11D3-BF4B-00C04F79EFBC}") = "DTO", "DTO\DTO.csproj", "{B2FEADBB-7DE1-4D9A-8B9A-00C4F5EBCBD4}"
EndProject
Project("{FAE04EC0-301F-11D3-BF4B-00C04F79EFBC}") = "IBusiness", "IBusiness\IBusiness.csproj", "{D200BF48-609D-4080-B3D5-9EB2634DF683}"
EndProject
Project("{FAE04EC0-301F-11D3-BF4B-00C04F79EFBC}") = "Dal", "Dal\Dal.csproj", "{E2AA34FA-C3A8-4505-BEEE-9FB8581B72B0}"
EndProject
Global
	GlobalSection(SolutionConfigurationPlatforms) = preSolution
		Debug|Any CPU = Debug|Any CPU
		Release|Any CPU = Release|Any CPU
	EndGlobalSection
	GlobalSection(ProjectConfigurationPlatforms) = postSolution
		{F01092BD-1DBD-4459-9A52-5403B6F62B1B}.Debug|Any CPU.ActiveCfg = Debug|Any CPU
		{F01092BD-1DBD-4459-9A52-5403B6F62B1B}.Debug|Any CPU.Build.0 = Debug|Any CPU
		{F01092BD-1DBD-4459-9A52-5403B6F62B1B}.Release|Any CPU.ActiveCfg = Release|Any CPU
		{F01092BD-1DBD-4459-9A52-5403B6F62B1B}.Release|Any CPU.Build.0 = Release|Any CPU
		{D07E9B48-1C10-4BC1-A0C2-68547DA419D5}.Debug|Any CPU.ActiveCfg = Debug|Any CPU
		{D07E9B48-1C10-4BC1-A0C2-68547DA419D5}.Debug|Any CPU.Build.0 = Debug|Any CPU
		{D07E9B48-1C10-4BC1-A0C2-68547DA419D5}.Release|Any CPU.ActiveCfg = Release|Any CPU
		{D07E9B48-1C10-4BC1-A0C2-68547DA419D5}.Release|Any CPU.Build.0 = Release|Any CPU
		{B2FEADBB-7DE1-4D9A-8B9A-00C4F5EBCBD4}.Debug|Any CPU.ActiveCfg = Debug|Any CPU
		{B2FEADBB-7DE1-4D9A-8B9A-00C4F5EBCBD4}.Debug|Any CPU.Build.0 = Debug|Any CPU
		{B2FEADBB-7DE1-4D9A-8B9A-00C4F5EBCBD4}.Release|Any CPU.ActiveCfg = Release|Any CPU
		{B2FEADBB-7DE1-4D9A-8B9A-00C4F5EBCBD4}.Release|Any CPU.Build.0 = Release|Any CPU
		{D200BF48-609D-4080-B3D5-9EB2634DF683}.Debug|Any CPU.ActiveCfg = Debug|Any CPU
		{D200BF48-609D-4080-B3D5-9EB2634DF683}.Debug|Any CPU.Build.0 = Debug|Any CPU
		{D200BF48-609D-4080-B3D5-9EB2634DF683}.Release|Any CPU.ActiveCfg = Release|Any CPU
		{D200BF48-609D-4080-B3D5-9EB2634DF683}.Release|Any CPU.Build.0 = Release|Any CPU
		{E2AA34FA-C3A8-4505-BEEE-9FB8581B72B0}.Debug|Any CPU.ActiveCfg = Debug|Any CPU
		{E2AA34FA-C3A8-4505-BEEE-9FB8581B72B0}.Debug|Any CPU.Build.0 = Debug|Any CPU
		{E2AA34FA-C3A8-4505-BEEE-9FB8581B72B0}.Release|Any CPU.ActiveCfg = Release|Any CPU
		{E2AA34FA-C3A8-4505-BEEE-9FB8581B72B0}.Release|Any CPU.Build.0 = Release|Any CPU
	EndGlobalSection
	GlobalSection(SolutionProperties) = preSolution
		HideSolutionNode = FALSE
	EndGlobalSection
	GlobalSection(ExtensibilityGlobals) = postSolution
		SolutionGuid = {11402E69-F40C-4E74-8FD6-81BFDEF0F1FD}
	EndGlobalSection
EndGlobal
